{
  "name": "netlify-test",
  "version": "1.0.0",
  "lockfileVersion": 1,
  "requires": true,
  "dependencies": {
    "bwip-js": {
      "version": "3.0.4",
      "resolved": "https://registry.npmjs.org/bwip-js/-/bwip-js-3.0.4.tgz",
      "integrity": "sha512-Gx1NYJsrAs99Ry5OQNPtbwwT7dw9kAhJDneiw1imfMmxEb9GHYl+7VeBxMZTFLgew8eLadfHPqUui5HhTYb6fw=="
    }
  }
}
